
Microsoft Visual Studio Solution File, Format Version 12.00
# Visual Studio Version 17
VisualStudioVersion = 17.12.35527.113 d17.12
MinimumVisualStudioVersion = 10.0.40219.1
Project("{FAE04EC0-301F-11D3-BF4B-00C04F79EFBC}") = "MyConsoleApp", "MyConsoleApp\MyConsoleApp.csproj", "{F3056A85-9891-49CB-963E-4AD9D231594C}"
EndProject
Project("{FAE04EC0-301F-11D3-BF4B-00C04F79EFBC}") = "MyLibrary", "MyLibrary\MyLibrary.csproj", "{7A12F35C-0D9E-469E-BE29-57232333BEC0}"
EndProject
Global
	GlobalSection(SolutionConfigurationPlatforms) = preSolution
		Debug|Any CPU = Debug|Any CPU
		Release|Any CPU = Release|Any CPU
	EndGlobalSection
	GlobalSection(ProjectConfigurationPlatforms) = postSolution
		{F3056A85-9891-49CB-963E-4AD9D231594C}.Debug|Any CPU.ActiveCfg = Debug|Any CPU
		{F3056A85-9891-49CB-963E-4AD9D231594C}.Debug|Any CPU.Build.0 = Debug|Any CPU
		{F3056A85-9891-49CB-963E-4AD9D231594C}.Release|Any CPU.ActiveCfg = Release|Any CPU
		{F3056A85-9891-49CB-963E-4AD9D231594C}.Release|Any CPU.Build.0 = Release|Any CPU
		{7A12F35C-0D9E-469E-BE29-57232333BEC0}.Debug|Any CPU.ActiveCfg = Debug|Any CPU
		{7A12F35C-0D9E-469E-BE29-57232333BEC0}.Debug|Any CPU.Build.0 = Debug|Any CPU
		{7A12F35C-0D9E-469E-BE29-57232333BEC0}.Release|Any CPU.ActiveCfg = Release|Any CPU
		{7A12F35C-0D9E-469E-BE29-57232333BEC0}.Release|Any CPU.Build.0 = Release|Any CPU
	EndGlobalSection
	GlobalSection(SolutionProperties) = preSolution
		HideSolutionNode = FALSE
	EndGlobalSection
EndGlobal
